
Microsoft Visual Studio Solution File, Format Version 12.00
# Visual Studio 2013
VisualStudioVersion = 12.0.40629.0
MinimumVisualStudioVersion = 10.0.40219.1
Project("{FAE04EC0-301F-11D3-BF4B-00C04F79EFBC}") = "GaLib.Interop", "GaLib.Interop\GaLib.Interop.csproj", "{68ECA608-F4C4-4E5E-87A7-FA4920DD4B01}"
EndProject
Project("{FAE04EC0-301F-11D3-BF4B-00C04F79EFBC}") = "GaLib.Interop.Test", "GaLib.Interop.Test\GaLib.Interop.Test.csproj", "{0B8FA116-C063-42EE-A21F-6B1779EB576B}"
EndProject
Global
	GlobalSection(SolutionConfigurationPlatforms) = preSolution
		Debug|Any CPU = Debug|Any CPU
		Release|Any CPU = Release|Any CPU
	EndGlobalSection
	GlobalSection(ProjectConfigurationPlatforms) = postSolution
		{68ECA608-F4C4-4E5E-87A7-FA4920DD4B01}.Debug|Any CPU.ActiveCfg = Debug|Any CPU
		{68ECA608-F4C4-4E5E-87A7-FA4920DD4B01}.Debug|Any CPU.Build.0 = Debug|Any CPU
		{68ECA608-F4C4-4E5E-87A7-FA4920DD4B01}.Release|Any CPU.ActiveCfg = Release|Any CPU
		{68ECA608-F4C4-4E5E-87A7-FA4920DD4B01}.Release|Any CPU.Build.0 = Release|Any CPU
		{0B8FA116-C063-42EE-A21F-6B1779EB576B}.Debug|Any CPU.ActiveCfg = Debug|Any CPU
		{0B8FA116-C063-42EE-A21F-6B1779EB576B}.Debug|Any CPU.Build.0 = Debug|Any CPU
		{0B8FA116-C063-42EE-A21F-6B1779EB576B}.Release|Any CPU.ActiveCfg = Release|Any CPU
		{0B8FA116-C063-42EE-A21F-6B1779EB576B}.Release|Any CPU.Build.0 = Release|Any CPU
	EndGlobalSection
	GlobalSection(SolutionProperties) = preSolution
		HideSolutionNode = FALSE
	EndGlobalSection
EndGlobal
